{
  "nodes": {
    "nixpkgs": {
      "locked": {
        "lastModified": 1714531828,
        "narHash": "sha256-ILsf3bdY/hNNI/Hu5bSt2/KbmHaAVhBbNUOdGztTHEg=",
        "owner": "NixOS",
        "repo": "nixpkgs",
        "rev": "0638fe2715d998fa81d173aad264eb671ce2ebc1",
        "type": "github"
      },
      "original": {
        "id": "nixpkgs",
        "ref": "nixos-23.11",
        "type": "indirect"
      }
    },
    "nixpkgs-stable": {
      "locked": {
        "lastModified": 1713638189,
        "narHash": "sha256-q7APLfB6FmmSMI1Su5ihW9IwntBsk2hWNXh8XtSdSIk=",
        "owner": "NixOS",
        "repo": "nixpkgs",
        "rev": "74574c38577914733b4f7a775dd77d24245081dd",
        "type": "github"
      },
      "original": {
        "owner": "NixOS",
        "ref": "release-23.11",
        "repo": "nixpkgs",
        "type": "github"
      }
    },
    "nixpkgs_2": {
      "locked": {
        "lastModified": 1713596654,
        "narHash": "sha256-LJbHQQ5aX1LVth2ST+Kkse/DRzgxlVhTL1rxthvyhZc=",
        "owner": "NixOS",
        "repo": "nixpkgs",
        "rev": "fd16bb6d3bcca96039b11aa52038fafeb6e4f4be",
        "type": "github"
      },
      "original": {
        "owner": "NixOS",
        "ref": "nixpkgs-unstable",
        "repo": "nixpkgs",
        "type": "github"
      }
    },
    "root": {
      "inputs": {
        "nixpkgs": "nixpkgs",
        "sops-nix": "sops-nix"
      }
    },
    "sops-nix": {
      "inputs": {
        "nixpkgs": "nixpkgs_2",
        "nixpkgs-stable": "nixpkgs-stable"
      },
      "locked": {
        "lastModified": 1713892811,
        "narHash": "sha256-uIGmA2xq41vVFETCF1WW4fFWFT2tqBln+aXnWrvjGRE=",
        "owner": "Mic92",
        "repo": "sops-nix",
        "rev": "f1b0adc27265274e3b0c9b872a8f476a098679bd",
        "type": "github"
      },
      "original": {
        "owner": "Mic92",
        "ref": "f1b0adc27265274e3b0c9b872a8f476a098679bd",
        "repo": "sops-nix",
        "type": "github"
      }
    }
  },
  "root": "root",
  "version": 7
}
